// !$*UTF8*$!
{
	archiveVersion = 1;
	classes = {
	};
	objectVersion = 46;
	objects = {

/* Begin PBXBuildFile section */
		F5EC9A961EA746500003B1B2 /* AppDelegate.swift in Sources */ = {isa = PBXBuildFile; fileRef = F5EC9A951EA746500003B1B2 /* AppDelegate.swift */; };
		F5EC9A981EA746500003B1B2 /* ViewController.swift in Sources */ = {isa = PBXBuildFile; fileRef = F5EC9A971EA746500003B1B2 /* ViewController.swift */; };
		F5EC9A9B1EA746500003B1B2 /* Main.storyboard in Resources */ = {isa = PBXBuildFile; fileRef = F5EC9A991EA746500003B1B2 /* Main.storyboard */; };
		F5EC9A9D1EA746500003B1B2 /* Assets.xcassets in Resources */ = {isa = PBXBuildFile; fileRef = F5EC9A9C1EA746500003B1B2 /* Assets.xcassets */; };
		F5EC9AA01EA746500003B1B2 /* LaunchScreen.storyboard in Resources */ = {isa = PBXBuildFile; fileRef = F5EC9A9E1EA746500003B1B2 /* LaunchScreen.storyboard */; };
		F5EC9AAB1EA746500003B1B2 /* FirstAppTests.swift in Sources */ = {isa = PBXBuildFile; fileRef = F5EC9AAA1EA746500003B1B2 /* FirstAppTests.swift */; };
		F5EC9AB61EA746500003B1B2 /* FirstAppUITests.swift in Sources */ = {isa = PBXBuildFile; fileRef = F5EC9AB51EA746500003B1B2 /* FirstAppUITests.swift */; };
/* End PBXBuildFile section */

/* Begin PBXContainerItemProxy section */
		F5EC9AA71EA746500003B1B2 /* PBXContainerItemProxy */ = {
			isa = PBXContainerItemProxy;
			containerPortal = F5EC9A8A1EA7464F0003B1B2 /* Project object */;
			proxyType = 1;
			remoteGlobalIDString = F5EC9A911EA7464F0003B1B2;
			remoteInfo = FirstApp;
		};
		F5EC9AB21EA746500003B1B2 /* PBXContainerItemProxy */ = {
			isa = PBXContainerItemProxy;
			containerPortal = F5EC9A8A1EA7464F0003B1B2 /* Project object */;
			proxyType = 1;
			remoteGlobalIDString = F5EC9A911EA7464F0003B1B2;
			remoteInfo = FirstApp;
		};
/* End PBXContainerItemProxy section */

/* Begin PBXFileReference section */
		F5EC9A921EA7464F0003B1B2 /* FirstApp.app */ = {isa = PBXFileReference; explicitFileType = wrapper.application; includeInIndex = 0; path = FirstApp.app; sourceTree = BUILT_PRODUCTS_DIR; };
		F5EC9A951EA746500003B1B2 /* AppDelegate.swift */ = {isa = PBXFileReference; lastKnownFileType = sourcecode.swift; path = AppDelegate.swift; sourceTree = "<group>"; };
		F5EC9A971EA746500003B1B2 /* ViewController.swift */ = {isa = PBXFileReference; lastKnownFileType = sourcecode.swift; path = ViewController.swift; sourceTree = "<group>"; };
		F5EC9A9A1EA746500003B1B2 /* Base */ = {isa = PBXFileReference; lastKnownFileType = file.storyboard; name = Base; path = Base.lproj/Main.storyboard; sourceTree = "<group>"; };
		F5EC9A9C1EA746500003B1B2 /* Assets.xcassets */ = {isa = PBXFileReference; lastKnownFileType = folder.assetcatalog; path = Assets.xcassets; sourceTree = "<group>"; };
		F5EC9A9F1EA746500003B1B2 /* Base */ = {isa = PBXFileReference; lastKnownFileType = file.storyboard; name = Base; path = Base.lproj/LaunchScreen.storyboard; sourceTree = "<group>"; };
		F5EC9AA11EA746500003B1B2 /* Info.plist */ = {isa = PBXFileReference; lastKnownFileType = text.plist.xml; path = Info.plist; sourceTree = "<group>"; };
		F5EC9AA61EA746500003B1B2 /* FirstAppTests.xctest */ = {isa = PBXFileReference; explicitFileType = wrapper.cfbundle; includeInIndex = 0; path = FirstAppTests.xctest; sourceTree = BUILT_PRODUCTS_DIR; };
		F5EC9AAA1EA746500003B1B2 /* FirstAppTests.swift */ = {isa = PBXFileReference; lastKnownFileType = sourcecode.swift; path = FirstAppTests.swift; sourceTree = "<group>"; };
		F5EC9AAC1EA746500003B1B2 /* Info.plist */ = {isa = PBXFileReference; lastKnownFileType = text.plist.xml; path = Info.plist; sourceTree = "<group>"; };
		F5EC9AB11EA746500003B1B2 /* FirstAppUITests.xctest */ = {isa = PBXFileReference; explicitFileType = wrapper.cfbundle; includeInIndex = 0; path = FirstAppUITests.xctest; sourceTree = BUILT_PRODUCTS_DIR; };
		F5EC9AB51EA746500003B1B2 /* FirstAppUITests.swift */ = {isa = PBXFileReference; lastKnownFileType = sourcecode.swift; path = FirstAppUITests.swift; sourceTree = "<group>"; };
		F5EC9AB71EA746500003B1B2 /* Info.plist */ = {isa = PBXFileReference; lastKnownFileType = text.plist.xml; path = Info.plist; sourceTree = "<group>"; };
/* End PBXFileReference section */

/* Begin PBXFrameworksBuildPhase section */
		F5EC9A8F1EA7464F0003B1B2 /* Frameworks */ = {
			isa = PBXFrameworksBuildPhase;
			buildActionMask = 2147483647;
			files = (
			);
			runOnlyForDeploymentPostprocessing = 0;
		};
		F5EC9AA31EA746500003B1B2 /* Frameworks */ = {
			isa = PBXFrameworksBuildPhase;
			buildActionMask = 2147483647;
			files = (
			);
			runOnlyForDeploymentPostprocessing = 0;
		};
		F5EC9AAE1EA746500003B1B2 /* Frameworks */ = {
			isa = PBXFrameworksBuildPhase;
			buildActionMask = 2147483647;
			files = (
			);
			runOnlyForDeploymentPostprocessing = 0;
		};
/* End PBXFrameworksBuildPhase section */

/* Begin PBXGroup section */
		F5EC9A891EA7464F0003B1B2 = {
			isa = PBXGroup;
			children = (
				F5EC9A941EA7464F0003B1B2 /* FirstApp */,
				F5EC9AA91EA746500003B1B2 /* FirstAppTests */,
				F5EC9AB41EA746500003B1B2 /* FirstAppUITests */,
				F5EC9A931EA7464F0003B1B2 /* Products */,
			);
			sourceTree = "<group>";
		};
		F5EC9A931EA7464F0003B1B2 /* Products */ = {
			isa = PBXGroup;
			children = (
				F5EC9A921EA7464F0003B1B2 /* FirstApp.app */,
				F5EC9AA61EA746500003B1B2 /* FirstAppTests.xctest */,
				F5EC9AB11EA746500003B1B2 /* FirstAppUITests.xctest */,
			);
			name = Products;
			sourceTree = "<group>";
		};
		F5EC9A941EA7464F0003B1B2 /* FirstApp */ = {
			isa = PBXGroup;
			children = (
				F5EC9A951EA746500003B1B2 /* AppDelegate.swift */,
				F5EC9A971EA746500003B1B2 /* ViewController.swift */,
				F5EC9A991EA746500003B1B2 /* Main.storyboard */,
				F5EC9A9C1EA746500003B1B2 /* Assets.xcassets */,
				F5EC9A9E1EA746500003B1B2 /* LaunchScreen.storyboard */,
				F5EC9AA11EA746500003B1B2 /* Info.plist */,
			);
			path = FirstApp;
			sourceTree = "<group>";
		};
		F5EC9AA91EA746500003B1B2 /* FirstAppTests */ = {
			isa = PBXGroup;
			children = (
				F5EC9AAA1EA746500003B1B2 /* FirstAppTests.swift */,
				F5EC9AAC1EA746500003B1B2 /* Info.plist */,
			);
			path = FirstAppTests;
			sourceTree = "<group>";
		};
		F5EC9AB41EA746500003B1B2 /* FirstAppUITests */ = {
			isa = PBXGroup;
			children = (
				F5EC9AB51EA746500003B1B2 /* FirstAppUITests.swift */,
				F5EC9AB71EA746500003B1B2 /* Info.plist */,
			);
			path = FirstAppUITests;
			sourceTree = "<group>";
		};
/* End PBXGroup section */

/* Begin PBXNativeTarget section */
		F5EC9A911EA7464F0003B1B2 /* FirstApp */ = {
			isa = PBXNativeTarget;
			buildConfigurationList = F5EC9ABA1EA746500003B1B2 /* Build configuration list for PBXNativeTarget "FirstApp" */;
			buildPhases = (
				F5EC9A8E1EA7464F0003B1B2 /* Sources */,
				F5EC9A8F1EA7464F0003B1B2 /* Frameworks */,
				F5EC9A901EA7464F0003B1B2 /* Resources */,
			);
			buildRules = (
			);
			dependencies = (
			);
			name = FirstApp;
			productName = FirstApp;
			productReference = F5EC9A921EA7464F0003B1B2 /* FirstApp.app */;
			productType = "com.apple.product-type.application";
		};
		F5EC9AA51EA746500003B1B2 /* FirstAppTests */ = {
			isa = PBXNativeTarget;
			buildConfigurationList = F5EC9ABD1EA746500003B1B2 /* Build configuration list for PBXNativeTarget "FirstAppTests" */;
			buildPhases = (
				F5EC9AA21EA746500003B1B2 /* Sources */,
				F5EC9AA31EA746500003B1B2 /* Frameworks */,
				F5EC9AA41EA746500003B1B2 /* Resources */,
			);
			buildRules = (
			);
			dependencies = (
				F5EC9AA81EA746500003B1B2 /* PBXTargetDependency */,
			);
			name = FirstAppTests;
			productName = FirstAppTests;
			productReference = F5EC9AA61EA746500003B1B2 /* FirstAppTests.xctest */;
			productType = "com.apple.product-type.bundle.unit-test";
		};
		F5EC9AB01EA746500003B1B2 /* FirstAppUITests */ = {
			isa = PBXNativeTarget;
			buildConfigurationList = F5EC9AC01EA746500003B1B2 /* Build configuration list for PBXNativeTarget "FirstAppUITests" */;
			buildPhases = (
				F5EC9AAD1EA746500003B1B2 /* Sources */,
				F5EC9AAE1EA746500003B1B2 /* Frameworks */,
				F5EC9AAF1EA746500003B1B2 /* Resources */,
			);
			buildRules = (
			);
			dependencies = (
				F5EC9AB31EA746500003B1B2 /* PBXTargetDependency */,
			);
			name = FirstAppUITests;
			productName = FirstAppUITests;
			productReference = F5EC9AB11EA746500003B1B2 /* FirstAppUITests.xctest */;
			productType = "com.apple.product-type.bundle.ui-testing";
		};
/* End PBXNativeTarget section */

/* Begin PBXProject section */
		F5EC9A8A1EA7464F0003B1B2 /* Project object */ = {
			isa = PBXProject;
			attributes = {
				LastSwiftUpdateCheck = 0820;
				LastUpgradeCheck = 0820;
				ORGANIZATIONNAME = "Jagdish Duwal";
				TargetAttributes = {
					F5EC9A911EA7464F0003B1B2 = {
						CreatedOnToolsVersion = 8.2.1;
						ProvisioningStyle = Automatic;
					};
					F5EC9AA51EA746500003B1B2 = {
						CreatedOnToolsVersion = 8.2.1;
						ProvisioningStyle = Automatic;
						TestTargetID = F5EC9A911EA7464F0003B1B2;
					};
					F5EC9AB01EA746500003B1B2 = {
						CreatedOnToolsVersion = 8.2.1;
						ProvisioningStyle = Automatic;
						TestTargetID = F5EC9A911EA7464F0003B1B2;
					};
				};
			};
			buildConfigurationList = F5EC9A8D1EA7464F0003B1B2 /* Build configuration list for PBXProject "FirstApp" */;
			compatibilityVersion = "Xcode 3.2";
			developmentRegion = English;
			hasScannedForEncodings = 0;
			knownRegions = (
				en,
				Base,
			);
			mainGroup = F5EC9A891EA7464F0003B1B2;
			productRefGroup = F5EC9A931EA7464F0003B1B2 /* Products */;
			projectDirPath = "";
			projectRoot = "";
			targets = (
				F5EC9A911EA7464F0003B1B2 /* FirstApp */,
				F5EC9AA51EA746500003B1B2 /* FirstAppTests */,
				F5EC9AB01EA746500003B1B2 /* FirstAppUITests */,
			);
		};
/* End PBXProject section */

/* Begin PBXResourcesBuildPhase section */
		F5EC9A901EA7464F0003B1B2 /* Resources */ = {
			isa = PBXResourcesBuildPhase;
			buildActionMask = 2147483647;
			files = (
				F5EC9AA01EA746500003B1B2 /* LaunchScreen.storyboard in Resources */,
				F5EC9A9D1EA746500003B1B2 /* Assets.xcassets in Resources */,
				F5EC9A9B1EA746500003B1B2 /* Main.storyboard in Resources */,
			);
			runOnlyForDeploymentPostprocessing = 0;
		};
		F5EC9AA41EA746500003B1B2 /* Resources */ = {
			isa = PBXResourcesBuildPhase;
			buildActionMask = 2147483647;
			files = (
			);
			runOnlyForDeploymentPostprocessing = 0;
		};
		F5EC9AAF1EA746500003B1B2 /* Resources */ = {
			isa = PBXResourcesBuildPhase;
			buildActionMask = 2147483647;
			files = (
			);
			runOnlyForDeploymentPostprocessing = 0;
		};
/* End PBXResourcesBuildPhase section */

/* Begin PBXSourcesBuildPhase section */
		F5EC9A8E1EA7464F0003B1B2 /* Sources */ = {
			isa = PBXSourcesBuildPhase;
			buildActionMask = 2147483647;
			files = (
				F5EC9A981EA746500003B1B2 /* ViewController.swift in Sources */,
				F5EC9A961EA746500003B1B2 /* AppDelegate.swift in Sources */,
			);
			runOnlyForDeploymentPostprocessing = 0;
		};
		F5EC9AA21EA746500003B1B2 /* Sources */ = {
			isa = PBXSourcesBuildPhase;
			buildActionMask = 2147483647;
			files = (
				F5EC9AAB1EA746500003B1B2 /* FirstAppTests.swift in Sources */,
			);
			runOnlyForDeploymentPostprocessing = 0;
		};
		F5EC9AAD1EA746500003B1B2 /* Sources */ = {
			isa = PBXSourcesBuildPhase;
			buildActionMask = 2147483647;
			files = (
				F5EC9AB61EA746500003B1B2 /* FirstAppUITests.swift in Sources */,
			);
			runOnlyForDeploymentPostprocessing = 0;
		};
/* End PBXSourcesBuildPhase section */

/* Begin PBXTargetDependency section */
		F5EC9AA81EA746500003B1B2 /* PBXTargetDependency */ = {
			isa = PBXTargetDependency;
			target = F5EC9A911EA7464F0003B1B2 /* FirstApp */;
			targetProxy = F5EC9AA71EA746500003B1B2 /* PBXContainerItemProxy */;
		};
		F5EC9AB31EA746500003B1B2 /* PBXTargetDependency */ = {
			isa = PBXTargetDependency;
			target = F5EC9A911EA7464F0003B1B2 /* FirstApp */;
			targetProxy = F5EC9AB21EA746500003B1B2 /* PBXContainerItemProxy */;
		};
/* End PBXTargetDependency section */

/* Begin PBXVariantGroup section */
		F5EC9A991EA746500003B1B2 /* Main.storyboard */ = {
			isa = PBXVariantGroup;
			children = (
				F5EC9A9A1EA746500003B1B2 /* Base */,
			);
			name = Main.storyboard;
			sourceTree = "<group>";
		};
		F5EC9A9E1EA746500003B1B2 /* LaunchScreen.storyboard */ = {
			isa = PBXVariantGroup;
			children = (
				F5EC9A9F1EA746500003B1B2 /* Base */,
			);
			name = LaunchScreen.storyboard;
			sourceTree = "<group>";
		};
/* End PBXVariantGroup section */

/* Begin XCBuildConfiguration section */
		F5EC9AB81EA746500003B1B2 /* Debug */ = {
			isa = XCBuildConfiguration;
			buildSettings = {
				ALWAYS_SEARCH_USER_PATHS = NO;
				CLANG_ANALYZER_NONNULL = YES;
				CLANG_CXX_LANGUAGE_STANDARD = "gnu++0x";
				CLANG_CXX_LIBRARY = "libc++";
				CLANG_ENABLE_MODULES = YES;
				CLANG_ENABLE_OBJC_ARC = YES;
				CLANG_WARN_BOOL_CONVERSION = YES;
				CLANG_WARN_CONSTANT_CONVERSION = YES;
				CLANG_WARN_DIRECT_OBJC_ISA_USAGE = YES_ERROR;
				CLANG_WARN_DOCUMENTATION_COMMENTS = YES;
				CLANG_WARN_EMPTY_BODY = YES;
				CLANG_WARN_ENUM_CONVERSION = YES;
				CLANG_WARN_INFINITE_RECURSION = YES;
				CLANG_WARN_INT_CONVERSION = YES;
				CLANG_WARN_OBJC_ROOT_CLASS = YES_ERROR;
				CLANG_WARN_SUSPICIOUS_MOVE = YES;
				CLANG_WARN_UNREACHABLE_CODE = YES;
				CLANG_WARN__DUPLICATE_METHOD_MATCH = YES;
				"CODE_SIGN_IDENTITY[sdk=iphoneos*]" = "iPhone Developer";
				COPY_PHASE_STRIP = NO;
				DEBUG_INFORMATION_FORMAT = dwarf;
				ENABLE_STRICT_OBJC_MSGSEND = YES;
				ENABLE_TESTABILITY = YES;
				GCC_C_LANGUAGE_STANDARD = gnu99;
				GCC_DYNAMIC_NO_PIC = NO;
				GCC_NO_COMMON_BLOCKS = YES;
				GCC_OPTIMIZATION_LEVEL = 0;
				GCC_PREPROCESSOR_DEFINITIONS = (
					"DEBUG=1",
					"$(inherited)",
				);
				GCC_WARN_64_TO_32_BIT_CONVERSION = YES;
				GCC_WARN_ABOUT_RETURN_TYPE = YES_ERROR;
				GCC_WARN_UNDECLARED_SELECTOR = YES;
				GCC_WARN_UNINITIALIZED_AUTOS = YES_AGGRESSIVE;
				GCC_WARN_UNUSED_FUNCTION = YES;
				GCC_WARN_UNUSED_VARIABLE = YES;
				IPHONEOS_DEPLOYMENT_TARGET = 10.2;
				MTL_ENABLE_DEBUG_INFO = YES;
				ONLY_ACTIVE_ARCH = YES;
				SDKROOT = iphoneos;
				SWIFT_ACTIVE_COMPILATION_CONDITIONS = DEBUG;
				SWIFT_OPTIMIZATION_LEVEL = "-Onone";
				TARGETED_DEVICE_FAMILY = "1,2";
			};
			name = Debug;
		};
		F5EC9AB91EA746500003B1B2 /* Release */ = {
			isa = XCBuildConfiguration;
			buildSettings = {
				ALWAYS_SEARCH_USER_PATHS = NO;
				CLANG_ANALYZER_NONNULL = YES;
				CLANG_CXX_LANGUAGE_STANDARD = "gnu++0x";
				CLANG_CXX_LIBRARY = "libc++";
				CLANG_ENABLE_MODULES = YES;
				CLANG_ENABLE_OBJC_ARC = YES;
				CLANG_WARN_BOOL_CONVERSION = YES;
				CLANG_WARN_CONSTANT_CONVERSION = YES;
				CLANG_WARN_DIRECT_OBJC_ISA_USAGE = YES_ERROR;
				CLANG_WARN_DOCUMENTATION_COMMENTS = YES;
				CLANG_WARN_EMPTY_BODY = YES;
				CLANG_WARN_ENUM_CONVERSION = YES;
				CLANG_WARN_INFINITE_RECURSION = YES;
				CLANG_WARN_INT_CONVERSION = YES;
				CLANG_WARN_OBJC_ROOT_CLASS = YES_ERROR;
				CLANG_WARN_SUSPICIOUS_MOVE = YES;
				CLANG_WARN_UNREACHABLE_CODE = YES;
				CLANG_WARN__DUPLICATE_METHOD_MATCH = YES;
				"CODE_SIGN_IDENTITY[sdk=iphoneos*]" = "iPhone Developer";
				COPY_PHASE_STRIP = NO;
				DEBUG_INFORMATION_FORMAT = "dwarf-with-dsym";
				ENABLE_NS_ASSERTIONS = NO;
				ENABLE_STRICT_OBJC_MSGSEND = YES;
				GCC_C_LANGUAGE_STANDARD = gnu99;
				GCC_NO_COMMON_BLOCKS = YES;
				GCC_WARN_64_TO_32_BIT_CONVERSION = YES;
				GCC_WARN_ABOUT_RETURN_TYPE = YES_ERROR;
				GCC_WARN_UNDECLARED_SELECTOR = YES;
				GCC_WARN_UNINITIALIZED_AUTOS = YES_AGGRESSIVE;
				GCC_WARN_UNUSED_FUNCTION = YES;
				GCC_WARN_UNUSED_VARIABLE = YES;
				IPHONEOS_DEPLOYMENT_TARGET = 10.2;
				MTL_ENABLE_DEBUG_INFO = NO;
				SDKROOT = iphoneos;
				SWIFT_OPTIMIZATION_LEVEL = "-Owholemodule";
				TARGETED_DEVICE_FAMILY = "1,2";
				VALIDATE_PRODUCT = YES;
			};
			name = Release;
		};
		F5EC9ABB1EA746500003B1B2 /* Debug */ = {
			isa = XCBuildConfiguration;
			buildSettings = {
				ASSETCATALOG_COMPILER_APPICON_NAME = AppIcon;
				INFOPLIST_FILE = FirstApp/Info.plist;
				LD_RUNPATH_SEARCH_PATHS = "$(inherited) @executable_path/Frameworks";
				PRODUCT_BUNDLE_IDENTIFIER = jake4249.FirstApp;
				PRODUCT_NAME = "$(TARGET_NAME)";
				SWIFT_VERSION = 3.0;
			};
			name = Debug;
		};
		F5EC9ABC1EA746500003B1B2 /* Release */ = {
			isa = XCBuildConfiguration;
			buildSettings = {
				ASSETCATALOG_COMPILER_APPICON_NAME = AppIcon;
				INFOPLIST_FILE = FirstApp/Info.plist;
				LD_RUNPATH_SEARCH_PATHS = "$(inherited) @executable_path/Frameworks";
				PRODUCT_BUNDLE_IDENTIFIER = jake4249.FirstApp;
				PRODUCT_NAME = "$(TARGET_NAME)";
				SWIFT_VERSION = 3.0;
			};
			name = Release;
		};
		F5EC9ABE1EA746500003B1B2 /* Debug */ = {
			isa = XCBuildConfiguration;
			buildSettings = {
				ALWAYS_EMBED_SWIFT_STANDARD_LIBRARIES = YES;
				BUNDLE_LOADER = "$(TEST_HOST)";
				INFOPLIST_FILE = FirstAppTests/Info.plist;
				LD_RUNPATH_SEARCH_PATHS = "$(inherited) @executable_path/Frameworks @loader_path/Frameworks";
				PRODUCT_BUNDLE_IDENTIFIER = jake4249.FirstAppTests;
				PRODUCT_NAME = "$(TARGET_NAME)";
				SWIFT_VERSION = 3.0;
				TEST_HOST = "$(BUILT_PRODUCTS_DIR)/FirstApp.app/FirstApp";
			};
			name = Debug;
		};
		F5EC9ABF1EA746500003B1B2 /* Release */ = {
			isa = XCBuildConfiguration;
			buildSettings = {
				ALWAYS_EMBED_SWIFT_STANDARD_LIBRARIES = YES;
				BUNDLE_LOADER = "$(TEST_HOST)";
				INFOPLIST_FILE = FirstAppTests/Info.plist;
				LD_RUNPATH_SEARCH_PATHS = "$(inherited) @executable_path/Frameworks @loader_path/Frameworks";
				PRODUCT_BUNDLE_IDENTIFIER = jake4249.FirstAppTests;
				PRODUCT_NAME = "$(TARGET_NAME)";
				SWIFT_VERSION = 3.0;
				TEST_HOST = "$(BUILT_PRODUCTS_DIR)/FirstApp.app/FirstApp";
			};
			name = Release;
		};
		F5EC9AC11EA746500003B1B2 /* Debug */ = {
			isa = XCBuildConfiguration;
			buildSettings = {
				ALWAYS_EMBED_SWIFT_STANDARD_LIBRARIES = YES;
				INFOPLIST_FILE = FirstAppUITests/Info.plist;
				LD_RUNPATH_SEARCH_PATHS = "$(inherited) @executable_path/Frameworks @loader_path/Frameworks";
				PRODUCT_BUNDLE_IDENTIFIER = jake4249.FirstAppUITests;
				PRODUCT_NAME = "$(TARGET_NAME)";
				SWIFT_VERSION = 3.0;
				TEST_TARGET_NAME = FirstApp;
			};
			name = Debug;
		};
		F5EC9AC21EA746500003B1B2 /* Release */ = {
			isa = XCBuildConfiguration;
			buildSettings = {
				ALWAYS_EMBED_SWIFT_STANDARD_LIBRARIES = YES;
				INFOPLIST_FILE = FirstAppUITests/Info.plist;
				LD_RUNPATH_SEARCH_PATHS = "$(inherited) @executable_path/Frameworks @loader_path/Frameworks";
				PRODUCT_BUNDLE_IDENTIFIER = jake4249.FirstAppUITests;
				PRODUCT_NAME = "$(TARGET_NAME)";
				SWIFT_VERSION = 3.0;
				TEST_TARGET_NAME = FirstApp;
			};
			name = Release;
		};
/* End XCBuildConfiguration section */

/* Begin XCConfigurationList section */
		F5EC9A8D1EA7464F0003B1B2 /* Build configuration list for PBXProject "FirstApp" */ = {
			isa = XCConfigurationList;
			buildConfigurations = (
				F5EC9AB81EA746500003B1B2 /* Debug */,
				F5EC9AB91EA746500003B1B2 /* Release */,
			);
			defaultConfigurationIsVisible = 0;
			defaultConfigurationName = Release;
		};
		F5EC9ABA1EA746500003B1B2 /* Build configuration list for PBXNativeTarget "FirstApp" */ = {
			isa = XCConfigurationList;
			buildConfigurations = (
				F5EC9ABB1EA746500003B1B2 /* Debug */,
				F5EC9ABC1EA746500003B1B2 /* Release */,
			);
			defaultConfigurationIsVisible = 0;
		};
		F5EC9ABD1EA746500003B1B2 /* Build configuration list for PBXNativeTarget "FirstAppTests" */ = {
			isa = XCConfigurationList;
			buildConfigurations = (
				F5EC9ABE1EA746500003B1B2 /* Debug */,
				F5EC9ABF1EA746500003B1B2 /* Release */,
			);
			defaultConfigurationIsVisible = 0;
		};
		F5EC9AC01EA746500003B1B2 /* Build configuration list for PBXNativeTarget "FirstAppUITests" */ = {
			isa = XCConfigurationList;
			buildConfigurations = (
				F5EC9AC11EA746500003B1B2 /* Debug */,
				F5EC9AC21EA746500003B1B2 /* Release */,
			);
			defaultConfigurationIsVisible = 0;
		};
/* End XCConfigurationList section */
	};
	rootObject = F5EC9A8A1EA7464F0003B1B2 /* Project object */;
}
